<?xml version="1.0" encoding="utf-8"?>
<Project ToolsVersion="4.0" xmlns="http://schemas.microsoft.com/developer/msbuild/2003">
  <ItemGroup>
    <Filter Include="SkeletonEngine">
      <UniqueIdentifier>{A092A68F-8C60-9A95-75F4-0ABC616176FA}</UniqueIdentifier>
    </Filter>
  </ItemGroup>
  <ItemGroup>
    <ClInclude Include="src\SkeletonEngine.h" />
    <ClInclude Include="src\SkeletonEngine\Application.h">
      <Filter>SkeletonEngine</Filter>
    </ClInclude>
    <ClInclude Include="src\SkeletonEngine\Core.h">
      <Filter>SkeletonEngine</Filter>
    </ClInclude>
    <ClInclude Include="src\SkeletonEngine\EntryPoint.h">
      <Filter>SkeletonEngine</Filter>
    </ClInclude>
    <ClInclude Include="src\SkeletonEngine\Log.h">
      <Filter>SkeletonEngine</Filter>
    </ClInclude>
  </ItemGroup>
  <ItemGroup>
    <ClCompile Include="src\SkeletonEngine\Application.cpp">
      <Filter>SkeletonEngine</Filter>
    </ClCompile>
    <ClCompile Include="src\SkeletonEngine\Log.cpp">
      <Filter>SkeletonEngine</Filter>
    </ClCompile>
  </ItemGroup>
</Project>