<?xml version="1.0" encoding="utf-8"?>
<Project ToolsVersion="4.0" xmlns="http://schemas.microsoft.com/developer/msbuild/2003">
  <ItemGroup>
    <Filter Include="SkeletonEngine">
      <UniqueIdentifier>{A092A68F-8C60-9A95-75F4-0ABC616176FA}</UniqueIdentifier>
    </Filter>
    <Filter Include="SkeletonEngine\Events">
      <UniqueIdentifier>{840AE9B8-F076-A4B3-B96A-3C112596C61B}</UniqueIdentifier>
    </Filter>
  </ItemGroup>
  <ItemGroup>
    <ClInclude Include="src\SkeletonEngine.h" />
    <ClInclude Include="src\SkeletonEngine\Application.h">
      <Filter>SkeletonEngine</Filter>
    </ClInclude>
    <ClInclude Include="src\SkeletonEngine\Core.h">
      <Filter>SkeletonEngine</Filter>
    </ClInclude>
    <ClInclude Include="src\SkeletonEngine\EntryPoint.h">
      <Filter>SkeletonEngine</Filter>
    </ClInclude>
    <ClInclude Include="src\SkeletonEngine\Events\ApplicationEvent.h">
      <Filter>SkeletonEngine\Events</Filter>
    </ClInclude>
    <ClInclude Include="src\SkeletonEngine\Events\Event.h">
      <Filter>SkeletonEngine\Events</Filter>
    </ClInclude>
    <ClInclude Include="src\SkeletonEngine\Events\KeyEvent.h">
      <Filter>SkeletonEngine\Events</Filter>
    </ClInclude>
    <ClInclude Include="src\SkeletonEngine\Events\MouseEvent.h">
      <Filter>SkeletonEngine\Events</Filter>
    </ClInclude>
    <ClInclude Include="src\SkeletonEngine\Log.h">
      <Filter>SkeletonEngine</Filter>
    </ClInclude>
    <ClInclude Include="src\sepch.h" />
  </ItemGroup>
  <ItemGroup>
    <ClCompile Include="src\SkeletonEngine\Application.cpp">
      <Filter>SkeletonEngine</Filter>
    </ClCompile>
    <ClCompile Include="src\SkeletonEngine\Log.cpp">
      <Filter>SkeletonEngine</Filter>
    </ClCompile>
    <ClCompile Include="src\sepch.cpp" />
  </ItemGroup>
</Project>